
Microsoft Visual Studio Solution File, Format Version 12.00
# Visual Studio 2012
Project("{FAE04EC0-301F-11D3-BF4B-00C04F79EFBC}") = "Đồ án ngành 2021", "Đồ án ngành 2021\Đồ án ngành 2021.csproj", "{654886D6-31BF-4954-958B-0E4A06A64ACB}"
EndProject
Global
	GlobalSection(SolutionConfigurationPlatforms) = preSolution
		Debug|Any CPU = Debug|Any CPU
		Release|Any CPU = Release|Any CPU
	EndGlobalSection
	GlobalSection(ProjectConfigurationPlatforms) = postSolution
		{654886D6-31BF-4954-958B-0E4A06A64ACB}.Debug|Any CPU.ActiveCfg = Debug|Any CPU
		{654886D6-31BF-4954-958B-0E4A06A64ACB}.Debug|Any CPU.Build.0 = Debug|Any CPU
		{654886D6-31BF-4954-958B-0E4A06A64ACB}.Release|Any CPU.ActiveCfg = Release|Any CPU
		{654886D6-31BF-4954-958B-0E4A06A64ACB}.Release|Any CPU.Build.0 = Release|Any CPU
	EndGlobalSection
	GlobalSection(SolutionProperties) = preSolution
		HideSolutionNode = FALSE
	EndGlobalSection
EndGlobal
